// !$*UTF8*$!
{
	archiveVersion = 1;
	classes = {
	};
	objectVersion = 50;
	objects = {

/* Begin PBXBuildFile section */
		97D508AC221D82BE00BD436A /* AppDelegate.m in Sources */ = {isa = PBXBuildFile; fileRef = 97D508AB221D82BE00BD436A /* AppDelegate.m */; };
		97D508AF221D82BE00BD436A /* ViewController.m in Sources */ = {isa = PBXBuildFile; fileRef = 97D508AE221D82BE00BD436A /* ViewController.m */; };
		97D508B2221D82BE00BD436A /* Main.storyboard in Resources */ = {isa = PBXBuildFile; fileRef = 97D508B0221D82BE00BD436A /* Main.storyboard */; };
		97D508B4221D82BE00BD436A /* Assets.xcassets in Resources */ = {isa = PBXBuildFile; fileRef = 97D508B3221D82BE00BD436A /* Assets.xcassets */; };
		97D508B7221D82BE00BD436A /* LaunchScreen.storyboard in Resources */ = {isa = PBXBuildFile; fileRef = 97D508B5221D82BE00BD436A /* LaunchScreen.storyboard */; };
		97D508BA221D82BE00BD436A /* main.m in Sources */ = {isa = PBXBuildFile; fileRef = 97D508B9221D82BE00BD436A /* main.m */; };
		97D508C3221D831D00BD436A /* ImageViewController.m in Sources */ = {isa = PBXBuildFile; fileRef = 97D508C2221D831D00BD436A /* ImageViewController.m */; };
/* End PBXBuildFile section */

/* Begin PBXFileReference section */
		97D508A7221D82BE00BD436A /* imaginarium.app */ = {isa = PBXFileReference; explicitFileType = wrapper.application; includeInIndex = 0; path = imaginarium.app; sourceTree = BUILT_PRODUCTS_DIR; };
		97D508AA221D82BE00BD436A /* AppDelegate.h */ = {isa = PBXFileReference; lastKnownFileType = sourcecode.c.h; path = AppDelegate.h; sourceTree = "<group>"; };
		97D508AB221D82BE00BD436A /* AppDelegate.m */ = {isa = PBXFileReference; lastKnownFileType = sourcecode.c.objc; path = AppDelegate.m; sourceTree = "<group>"; };
		97D508AD221D82BE00BD436A /* ViewController.h */ = {isa = PBXFileReference; lastKnownFileType = sourcecode.c.h; path = ViewController.h; sourceTree = "<group>"; };
		97D508AE221D82BE00BD436A /* ViewController.m */ = {isa = PBXFileReference; lastKnownFileType = sourcecode.c.objc; path = ViewController.m; sourceTree = "<group>"; };
		97D508B1221D82BE00BD436A /* Base */ = {isa = PBXFileReference; lastKnownFileType = file.storyboard; name = Base; path = Base.lproj/Main.storyboard; sourceTree = "<group>"; };
		97D508B3221D82BE00BD436A /* Assets.xcassets */ = {isa = PBXFileReference; lastKnownFileType = folder.assetcatalog; path = Assets.xcassets; sourceTree = "<group>"; };
		97D508B6221D82BE00BD436A /* Base */ = {isa = PBXFileReference; lastKnownFileType = file.storyboard; name = Base; path = Base.lproj/LaunchScreen.storyboard; sourceTree = "<group>"; };
		97D508B8221D82BE00BD436A /* Info.plist */ = {isa = PBXFileReference; lastKnownFileType = text.plist.xml; path = Info.plist; sourceTree = "<group>"; };
		97D508B9221D82BE00BD436A /* main.m */ = {isa = PBXFileReference; lastKnownFileType = sourcecode.c.objc; path = main.m; sourceTree = "<group>"; };
		97D508C1221D831D00BD436A /* ImageViewController.h */ = {isa = PBXFileReference; lastKnownFileType = sourcecode.c.h; path = ImageViewController.h; sourceTree = "<group>"; };
		97D508C2221D831D00BD436A /* ImageViewController.m */ = {isa = PBXFileReference; lastKnownFileType = sourcecode.c.objc; path = ImageViewController.m; sourceTree = "<group>"; };
/* End PBXFileReference section */

/* Begin PBXFrameworksBuildPhase section */
		97D508A4221D82BE00BD436A /* Frameworks */ = {
			isa = PBXFrameworksBuildPhase;
			buildActionMask = 2147483647;
			files = (
			);
			runOnlyForDeploymentPostprocessing = 0;
		};
/* End PBXFrameworksBuildPhase section */

/* Begin PBXGroup section */
		97D5089E221D82BE00BD436A = {
			isa = PBXGroup;
			children = (
				97D508A9221D82BE00BD436A /* imaginarium */,
				97D508A8221D82BE00BD436A /* Products */,
			);
			sourceTree = "<group>";
		};
		97D508A8221D82BE00BD436A /* Products */ = {
			isa = PBXGroup;
			children = (
				97D508A7221D82BE00BD436A /* imaginarium.app */,
			);
			name = Products;
			sourceTree = "<group>";
		};
		97D508A9221D82BE00BD436A /* imaginarium */ = {
			isa = PBXGroup;
			children = (
				97D508C0221D82F200BD436A /* SupportingFiles */,
				97D508AD221D82BE00BD436A /* ViewController.h */,
				97D508AE221D82BE00BD436A /* ViewController.m */,
				97D508B0221D82BE00BD436A /* Main.storyboard */,
				97D508C1221D831D00BD436A /* ImageViewController.h */,
				97D508C2221D831D00BD436A /* ImageViewController.m */,
				97D508B8221D82BE00BD436A /* Info.plist */,
			);
			path = imaginarium;
			sourceTree = "<group>";
		};
		97D508C0221D82F200BD436A /* SupportingFiles */ = {
			isa = PBXGroup;
			children = (
				97D508AA221D82BE00BD436A /* AppDelegate.h */,
				97D508AB221D82BE00BD436A /* AppDelegate.m */,
				97D508B3221D82BE00BD436A /* Assets.xcassets */,
				97D508B5221D82BE00BD436A /* LaunchScreen.storyboard */,
				97D508B9221D82BE00BD436A /* main.m */,
			);
			path = SupportingFiles;
			sourceTree = "<group>";
		};
/* End PBXGroup section */

/* Begin PBXNativeTarget section */
		97D508A6221D82BE00BD436A /* imaginarium */ = {
			isa = PBXNativeTarget;
			buildConfigurationList = 97D508BD221D82BE00BD436A /* Build configuration list for PBXNativeTarget "imaginarium" */;
			buildPhases = (
				97D508A3221D82BE00BD436A /* Sources */,
				97D508A4221D82BE00BD436A /* Frameworks */,
				97D508A5221D82BE00BD436A /* Resources */,
			);
			buildRules = (
			);
			dependencies = (
			);
			name = imaginarium;
			productName = imaginarium;
			productReference = 97D508A7221D82BE00BD436A /* imaginarium.app */;
			productType = "com.apple.product-type.application";
		};
/* End PBXNativeTarget section */

/* Begin PBXProject section */
		97D5089F221D82BE00BD436A /* Project object */ = {
			isa = PBXProject;
			attributes = {
				LastUpgradeCheck = 1010;
				ORGANIZATIONNAME = "rhino Q";
				TargetAttributes = {
					97D508A6221D82BE00BD436A = {
						CreatedOnToolsVersion = 10.1;
					};
				};
			};
			buildConfigurationList = 97D508A2221D82BE00BD436A /* Build configuration list for PBXProject "imaginarium" */;
			compatibilityVersion = "Xcode 9.3";
			developmentRegion = en;
			hasScannedForEncodings = 0;
			knownRegions = (
				en,
				Base,
			);
			mainGroup = 97D5089E221D82BE00BD436A;
			productRefGroup = 97D508A8221D82BE00BD436A /* Products */;
			projectDirPath = "";
			projectRoot = "";
			targets = (
				97D508A6221D82BE00BD436A /* imaginarium */,
			);
		};
/* End PBXProject section */

/* Begin PBXResourcesBuildPhase section */
		97D508A5221D82BE00BD436A /* Resources */ = {
			isa = PBXResourcesBuildPhase;
			buildActionMask = 2147483647;
			files = (
				97D508B7221D82BE00BD436A /* LaunchScreen.storyboard in Resources */,
				97D508B4221D82BE00BD436A /* Assets.xcassets in Resources */,
				97D508B2221D82BE00BD436A /* Main.storyboard in Resources */,
			);
			runOnlyForDeploymentPostprocessing = 0;
		};
/* End PBXResourcesBuildPhase section */

/* Begin PBXSourcesBuildPhase section */
		97D508A3221D82BE00BD436A /* Sources */ = {
			isa = PBXSourcesBuildPhase;
			buildActionMask = 2147483647;
			files = (
				97D508AF221D82BE00BD436A /* ViewController.m in Sources */,
				97D508BA221D82BE00BD436A /* main.m in Sources */,
				97D508C3221D831D00BD436A /* ImageViewController.m in Sources */,
				97D508AC221D82BE00BD436A /* AppDelegate.m in Sources */,
			);
			runOnlyForDeploymentPostprocessing = 0;
		};
/* End PBXSourcesBuildPhase section */

/* Begin PBXVariantGroup section */
		97D508B0221D82BE00BD436A /* Main.storyboard */ = {
			isa = PBXVariantGroup;
			children = (
				97D508B1221D82BE00BD436A /* Base */,
			);
			name = Main.storyboard;
			sourceTree = "<group>";
		};
		97D508B5221D82BE00BD436A /* LaunchScreen.storyboard */ = {
			isa = PBXVariantGroup;
			children = (
				97D508B6221D82BE00BD436A /* Base */,
			);
			name = LaunchScreen.storyboard;
			sourceTree = "<group>";
		};
/* End PBXVariantGroup section */

/* Begin XCBuildConfiguration section */
		97D508BB221D82BE00BD436A /* Debug */ = {
			isa = XCBuildConfiguration;
			buildSettings = {
				ALWAYS_SEARCH_USER_PATHS = NO;
				CLANG_ANALYZER_NONNULL = YES;
				CLANG_ANALYZER_NUMBER_OBJECT_CONVERSION = YES_AGGRESSIVE;
				CLANG_CXX_LANGUAGE_STANDARD = "gnu++14";
				CLANG_CXX_LIBRARY = "libc++";
				CLANG_ENABLE_MODULES = YES;
				CLANG_ENABLE_OBJC_ARC = YES;
				CLANG_ENABLE_OBJC_WEAK = YES;
				CLANG_WARN_BLOCK_CAPTURE_AUTORELEASING = YES;
				CLANG_WARN_BOOL_CONVERSION = YES;
				CLANG_WARN_COMMA = YES;
				CLANG_WARN_CONSTANT_CONVERSION = YES;
				CLANG_WARN_DEPRECATED_OBJC_IMPLEMENTATIONS = YES;
				CLANG_WARN_DIRECT_OBJC_ISA_USAGE = YES_ERROR;
				CLANG_WARN_DOCUMENTATION_COMMENTS = YES;
				CLANG_WARN_EMPTY_BODY = YES;
				CLANG_WARN_ENUM_CONVERSION = YES;
				CLANG_WARN_INFINITE_RECURSION = YES;
				CLANG_WARN_INT_CONVERSION = YES;
				CLANG_WARN_NON_LITERAL_NULL_CONVERSION = YES;
				CLANG_WARN_OBJC_IMPLICIT_RETAIN_SELF = YES;
				CLANG_WARN_OBJC_LITERAL_CONVERSION = YES;
				CLANG_WARN_OBJC_ROOT_CLASS = YES_ERROR;
				CLANG_WARN_RANGE_LOOP_ANALYSIS = YES;
				CLANG_WARN_STRICT_PROTOTYPES = YES;
				CLANG_WARN_SUSPICIOUS_MOVE = YES;
				CLANG_WARN_UNGUARDED_AVAILABILITY = YES_AGGRESSIVE;
				CLANG_WARN_UNREACHABLE_CODE = YES;
				CLANG_WARN__DUPLICATE_METHOD_MATCH = YES;
				CODE_SIGN_IDENTITY = "iPhone Developer";
				COPY_PHASE_STRIP = NO;
				DEBUG_INFORMATION_FORMAT = dwarf;
				ENABLE_STRICT_OBJC_MSGSEND = YES;
				ENABLE_TESTABILITY = YES;
				GCC_C_LANGUAGE_STANDARD = gnu11;
				GCC_DYNAMIC_NO_PIC = NO;
				GCC_NO_COMMON_BLOCKS = YES;
				GCC_OPTIMIZATION_LEVEL = 0;
				GCC_PREPROCESSOR_DEFINITIONS = (
					"DEBUG=1",
					"$(inherited)",
				);
				GCC_WARN_64_TO_32_BIT_CONVERSION = YES;
				GCC_WARN_ABOUT_RETURN_TYPE = YES_ERROR;
				GCC_WARN_UNDECLARED_SELECTOR = YES;
				GCC_WARN_UNINITIALIZED_AUTOS = YES_AGGRESSIVE;
				GCC_WARN_UNUSED_FUNCTION = YES;
				GCC_WARN_UNUSED_VARIABLE = YES;
				IPHONEOS_DEPLOYMENT_TARGET = 12.1;
				MTL_ENABLE_DEBUG_INFO = INCLUDE_SOURCE;
				MTL_FAST_MATH = YES;
				ONLY_ACTIVE_ARCH = YES;
				SDKROOT = iphoneos;
			};
			name = Debug;
		};
		97D508BC221D82BE00BD436A /* Release */ = {
			isa = XCBuildConfiguration;
			buildSettings = {
				ALWAYS_SEARCH_USER_PATHS = NO;
				CLANG_ANALYZER_NONNULL = YES;
				CLANG_ANALYZER_NUMBER_OBJECT_CONVERSION = YES_AGGRESSIVE;
				CLANG_CXX_LANGUAGE_STANDARD = "gnu++14";
				CLANG_CXX_LIBRARY = "libc++";
				CLANG_ENABLE_MODULES = YES;
				CLANG_ENABLE_OBJC_ARC = YES;
				CLANG_ENABLE_OBJC_WEAK = YES;
				CLANG_WARN_BLOCK_CAPTURE_AUTORELEASING = YES;
				CLANG_WARN_BOOL_CONVERSION = YES;
				CLANG_WARN_COMMA = YES;
				CLANG_WARN_CONSTANT_CONVERSION = YES;
				CLANG_WARN_DEPRECATED_OBJC_IMPLEMENTATIONS = YES;
				CLANG_WARN_DIRECT_OBJC_ISA_USAGE = YES_ERROR;
				CLANG_WARN_DOCUMENTATION_COMMENTS = YES;
				CLANG_WARN_EMPTY_BODY = YES;
				CLANG_WARN_ENUM_CONVERSION = YES;
				CLANG_WARN_INFINITE_RECURSION = YES;
				CLANG_WARN_INT_CONVERSION = YES;
				CLANG_WARN_NON_LITERAL_NULL_CONVERSION = YES;
				CLANG_WARN_OBJC_IMPLICIT_RETAIN_SELF = YES;
				CLANG_WARN_OBJC_LITERAL_CONVERSION = YES;
				CLANG_WARN_OBJC_ROOT_CLASS = YES_ERROR;
				CLANG_WARN_RANGE_LOOP_ANALYSIS = YES;
				CLANG_WARN_STRICT_PROTOTYPES = YES;
				CLANG_WARN_SUSPICIOUS_MOVE = YES;
				CLANG_WARN_UNGUARDED_AVAILABILITY = YES_AGGRESSIVE;
				CLANG_WARN_UNREACHABLE_CODE = YES;
				CLANG_WARN__DUPLICATE_METHOD_MATCH = YES;
				CODE_SIGN_IDENTITY = "iPhone Developer";
				COPY_PHASE_STRIP = NO;
				DEBUG_INFORMATION_FORMAT = "dwarf-with-dsym";
				ENABLE_NS_ASSERTIONS = NO;
				ENABLE_STRICT_OBJC_MSGSEND = YES;
				GCC_C_LANGUAGE_STANDARD = gnu11;
				GCC_NO_COMMON_BLOCKS = YES;
				GCC_WARN_64_TO_32_BIT_CONVERSION = YES;
				GCC_WARN_ABOUT_RETURN_TYPE = YES_ERROR;
				GCC_WARN_UNDECLARED_SELECTOR = YES;
				GCC_WARN_UNINITIALIZED_AUTOS = YES_AGGRESSIVE;
				GCC_WARN_UNUSED_FUNCTION = YES;
				GCC_WARN_UNUSED_VARIABLE = YES;
				IPHONEOS_DEPLOYMENT_TARGET = 12.1;
				MTL_ENABLE_DEBUG_INFO = NO;
				MTL_FAST_MATH = YES;
				SDKROOT = iphoneos;
				VALIDATE_PRODUCT = YES;
			};
			name = Release;
		};
		97D508BE221D82BE00BD436A /* Debug */ = {
			isa = XCBuildConfiguration;
			buildSettings = {
				ASSETCATALOG_COMPILER_APPICON_NAME = AppIcon;
				CODE_SIGN_STYLE = Automatic;
				INFOPLIST_FILE = imaginarium/Info.plist;
				LD_RUNPATH_SEARCH_PATHS = (
					"$(inherited)",
					"@executable_path/Frameworks",
				);
				PRODUCT_BUNDLE_IDENTIFIER = com.rhino.imaginarium;
				PRODUCT_NAME = "$(TARGET_NAME)";
				TARGETED_DEVICE_FAMILY = "1,2";
			};
			name = Debug;
		};
		97D508BF221D82BE00BD436A /* Release */ = {
			isa = XCBuildConfiguration;
			buildSettings = {
				ASSETCATALOG_COMPILER_APPICON_NAME = AppIcon;
				CODE_SIGN_STYLE = Automatic;
				INFOPLIST_FILE = imaginarium/Info.plist;
				LD_RUNPATH_SEARCH_PATHS = (
					"$(inherited)",
					"@executable_path/Frameworks",
				);
				PRODUCT_BUNDLE_IDENTIFIER = com.rhino.imaginarium;
				PRODUCT_NAME = "$(TARGET_NAME)";
				TARGETED_DEVICE_FAMILY = "1,2";
			};
			name = Release;
		};
/* End XCBuildConfiguration section */

/* Begin XCConfigurationList section */
		97D508A2221D82BE00BD436A /* Build configuration list for PBXProject "imaginarium" */ = {
			isa = XCConfigurationList;
			buildConfigurations = (
				97D508BB221D82BE00BD436A /* Debug */,
				97D508BC221D82BE00BD436A /* Release */,
			);
			defaultConfigurationIsVisible = 0;
			defaultConfigurationName = Release;
		};
		97D508BD221D82BE00BD436A /* Build configuration list for PBXNativeTarget "imaginarium" */ = {
			isa = XCConfigurationList;
			buildConfigurations = (
				97D508BE221D82BE00BD436A /* Debug */,
				97D508BF221D82BE00BD436A /* Release */,
			);
			defaultConfigurationIsVisible = 0;
			defaultConfigurationName = Release;
		};
/* End XCConfigurationList section */
	};
	rootObject = 97D5089F221D82BE00BD436A /* Project object */;
}
